// !$*UTF8*$!
{
	archiveVersion = 1;
	classes = {
	};
	objectVersion = 77;
	objects = {

/* Begin PBXContainerItemProxy section */
		E404FD492F4CAA2A00CF8FCA /* PBXContainerItemProxy */ = {
			isa = PBXContainerItemProxy;
			containerPortal = E404FD332F4CAA2900CF8FCA /* Project object */;
			proxyType = 1;
			remoteGlobalIDString = E404FD3A2F4CAA2900CF8FCA;
			remoteInfo = DogBreedsSwiftUI;
		};
		E404FD532F4CAA2A00CF8FCA /* PBXContainerItemProxy */ = {
			isa = PBXContainerItemProxy;
			containerPortal = E404FD332F4CAA2900CF8FCA /* Project object */;
			proxyType = 1;
			remoteGlobalIDString = E404FD3A2F4CAA2900CF8FCA;
			remoteInfo = DogBreedsSwiftUI;
		};
/* End PBXContainerItemProxy section */

/* Begin PBXFileReference section */
		E404FD3B2F4CAA2900CF8FCA /* DogBreedsSwiftUI.app */ = {isa = PBXFileReference; explicitFileType = wrapper.application; includeInIndex = 0; path = DogBreedsSwiftUI.app; sourceTree = BUILT_PRODUCTS_DIR; };
		E404FD482F4CAA2A00CF8FCA /* DogBreedsSwiftUITests.xctest */ = {isa = PBXFileReference; explicitFileType = wrapper.cfbundle; includeInIndex = 0; path = DogBreedsSwiftUITests.xctest; sourceTree = BUILT_PRODUCTS_DIR; };
		E404FD522F4CAA2A00CF8FCA /* DogBreedsSwiftUIUITests.xctest */ = {isa = PBXFileReference; explicitFileType = wrapper.cfbundle; includeInIndex = 0; path = DogBreedsSwiftUIUITests.xctest; sourceTree = BUILT_PRODUCTS_DIR; };
/* End PBXFileReference section */

/* Begin PBXFileSystemSynchronizedRootGroup section */
		E404FD3D2F4CAA2900CF8FCA /* DogBreedsSwiftUI */ = {
			isa = PBXFileSystemSynchronizedRootGroup;
			path = DogBreedsSwiftUI;
			sourceTree = "<group>";
		};
		E404FD4B2F4CAA2A00CF8FCA /* DogBreedsSwiftUITests */ = {
			isa = PBXFileSystemSynchronizedRootGroup;
			path = DogBreedsSwiftUITests;
			sourceTree = "<group>";
		};
		E404FD552F4CAA2A00CF8FCA /* DogBreedsSwiftUIUITests */ = {
			isa = PBXFileSystemSynchronizedRootGroup;
			path = DogBreedsSwiftUIUITests;
			sourceTree = "<group>";
		};
/* End PBXFileSystemSynchronizedRootGroup section */

/* Begin PBXFrameworksBuildPhase section */
		E404FD382F4CAA2900CF8FCA /* Frameworks */ = {
			isa = PBXFrameworksBuildPhase;
			buildActionMask = 2147483647;
			files = (
			);
			runOnlyForDeploymentPostprocessing = 0;
		};
		E404FD452F4CAA2A00CF8FCA /* Frameworks */ = {
			isa = PBXFrameworksBuildPhase;
			buildActionMask = 2147483647;
			files = (
			);
			runOnlyForDeploymentPostprocessing = 0;
		};
		E404FD4F2F4CAA2A00CF8FCA /* Frameworks */ = {
			isa = PBXFrameworksBuildPhase;
			buildActionMask = 2147483647;
			files = (
			);
			runOnlyForDeploymentPostprocessing = 0;
		};
/* End PBXFrameworksBuildPhase section */

/* Begin PBXGroup section */
		E404FD322F4CAA2900CF8FCA = {
			isa = PBXGroup;
			children = (
				E404FD3D2F4CAA2900CF8FCA /* DogBreedsSwiftUI */,
				E404FD4B2F4CAA2A00CF8FCA /* DogBreedsSwiftUITests */,
				E404FD552F4CAA2A00CF8FCA /* DogBreedsSwiftUIUITests */,
				E404FD3C2F4CAA2900CF8FCA /* Products */,
			);
			sourceTree = "<group>";
		};
		E404FD3C2F4CAA2900CF8FCA /* Products */ = {
			isa = PBXGroup;
			children = (
				E404FD3B2F4CAA2900CF8FCA /* DogBreedsSwiftUI.app */,
				E404FD482F4CAA2A00CF8FCA /* DogBreedsSwiftUITests.xctest */,
				E404FD522F4CAA2A00CF8FCA /* DogBreedsSwiftUIUITests.xctest */,
			);
			name = Products;
			sourceTree = "<group>";
		};
/* End PBXGroup section */

/* Begin PBXNativeTarget section */
		E404FD3A2F4CAA2900CF8FCA /* DogBreedsSwiftUI */ = {
			isa = PBXNativeTarget;
			buildConfigurationList = E404FD5C2F4CAA2A00CF8FCA /* Build configuration list for PBXNativeTarget "DogBreedsSwiftUI" */;
			buildPhases = (
				E404FD372F4CAA2900CF8FCA /* Sources */,
				E404FD382F4CAA2900CF8FCA /* Frameworks */,
				E404FD392F4CAA2900CF8FCA /* Resources */,
			);
			buildRules = (
			);
			dependencies = (
			);
			fileSystemSynchronizedGroups = (
				E404FD3D2F4CAA2900CF8FCA /* DogBreedsSwiftUI */,
			);
			name = DogBreedsSwiftUI;
			packageProductDependencies = (
			);
			productName = DogBreedsSwiftUI;
			productReference = E404FD3B2F4CAA2900CF8FCA /* DogBreedsSwiftUI.app */;
			productType = "com.apple.product-type.application";
		};
		E404FD472F4CAA2A00CF8FCA /* DogBreedsSwiftUITests */ = {
			isa = PBXNativeTarget;
			buildConfigurationList = E404FD5F2F4CAA2A00CF8FCA /* Build configuration list for PBXNativeTarget "DogBreedsSwiftUITests" */;
			buildPhases = (
				E404FD442F4CAA2A00CF8FCA /* Sources */,
				E404FD452F4CAA2A00CF8FCA /* Frameworks */,
				E404FD462F4CAA2A00CF8FCA /* Resources */,
			);
			buildRules = (
			);
			dependencies = (
				E404FD4A2F4CAA2A00CF8FCA /* PBXTargetDependency */,
			);
			fileSystemSynchronizedGroups = (
				E404FD4B2F4CAA2A00CF8FCA /* DogBreedsSwiftUITests */,
			);
			name = DogBreedsSwiftUITests;
			packageProductDependencies = (
			);
			productName = DogBreedsSwiftUITests;
			productReference = E404FD482F4CAA2A00CF8FCA /* DogBreedsSwiftUITests.xctest */;
			productType = "com.apple.product-type.bundle.unit-test";
		};
		E404FD512F4CAA2A00CF8FCA /* DogBreedsSwiftUIUITests */ = {
			isa = PBXNativeTarget;
			buildConfigurationList = E404FD622F4CAA2A00CF8FCA /* Build configuration list for PBXNativeTarget "DogBreedsSwiftUIUITests" */;
			buildPhases = (
				E404FD4E2F4CAA2A00CF8FCA /* Sources */,
				E404FD4F2F4CAA2A00CF8FCA /* Frameworks */,
				E404FD502F4CAA2A00CF8FCA /* Resources */,
			);
			buildRules = (
			);
			dependencies = (
				E404FD542F4CAA2A00CF8FCA /* PBXTargetDependency */,
			);
			fileSystemSynchronizedGroups = (
				E404FD552F4CAA2A00CF8FCA /* DogBreedsSwiftUIUITests */,
			);
			name = DogBreedsSwiftUIUITests;
			packageProductDependencies = (
			);
			productName = DogBreedsSwiftUIUITests;
			productReference = E404FD522F4CAA2A00CF8FCA /* DogBreedsSwiftUIUITests.xctest */;
			productType = "com.apple.product-type.bundle.ui-testing";
		};
/* End PBXNativeTarget section */

/* Begin PBXProject section */
		E404FD332F4CAA2900CF8FCA /* Project object */ = {
			isa = PBXProject;
			attributes = {
				BuildIndependentTargetsInParallel = 1;
				LastSwiftUpdateCheck = 2620;
				LastUpgradeCheck = 2620;
				TargetAttributes = {
					E404FD3A2F4CAA2900CF8FCA = {
						CreatedOnToolsVersion = 26.2;
					};
					E404FD472F4CAA2A00CF8FCA = {
						CreatedOnToolsVersion = 26.2;
						TestTargetID = E404FD3A2F4CAA2900CF8FCA;
					};
					E404FD512F4CAA2A00CF8FCA = {
						CreatedOnToolsVersion = 26.2;
						TestTargetID = E404FD3A2F4CAA2900CF8FCA;
					};
				};
			};
			buildConfigurationList = E404FD362F4CAA2900CF8FCA /* Build configuration list for PBXProject "DogBreedsSwiftUI" */;
			developmentRegion = en;
			hasScannedForEncodings = 0;
			knownRegions = (
				en,
				Base,
			);
			mainGroup = E404FD322F4CAA2900CF8FCA;
			minimizedProjectReferenceProxies = 1;
			preferredProjectObjectVersion = 77;
			productRefGroup = E404FD3C2F4CAA2900CF8FCA /* Products */;
			projectDirPath = "";
			projectRoot = "";
			targets = (
				E404FD3A2F4CAA2900CF8FCA /* DogBreedsSwiftUI */,
				E404FD472F4CAA2A00CF8FCA /* DogBreedsSwiftUITests */,
				E404FD512F4CAA2A00CF8FCA /* DogBreedsSwiftUIUITests */,
			);
		};
/* End PBXProject section */

/* Begin PBXResourcesBuildPhase section */
		E404FD392F4CAA2900CF8FCA /* Resources */ = {
			isa = PBXResourcesBuildPhase;
			buildActionMask = 2147483647;
			files = (
			);
			runOnlyForDeploymentPostprocessing = 0;
		};
		E404FD462F4CAA2A00CF8FCA /* Resources */ = {
			isa = PBXResourcesBuildPhase;
			buildActionMask = 2147483647;
			files = (
			);
			runOnlyForDeploymentPostprocessing = 0;
		};
		E404FD502F4CAA2A00CF8FCA /* Resources */ = {
			isa = PBXResourcesBuildPhase;
			buildActionMask = 2147483647;
			files = (
			);
			runOnlyForDeploymentPostprocessing = 0;
		};
/* End PBXResourcesBuildPhase section */

/* Begin PBXSourcesBuildPhase section */
		E404FD372F4CAA2900CF8FCA /* Sources */ = {
			isa = PBXSourcesBuildPhase;
			buildActionMask = 2147483647;
			files = (
			);
			runOnlyForDeploymentPostprocessing = 0;
		};
		E404FD442F4CAA2A00CF8FCA /* Sources */ = {
			isa = PBXSourcesBuildPhase;
			buildActionMask = 2147483647;
			files = (
			);
			runOnlyForDeploymentPostprocessing = 0;
		};
		E404FD4E2F4CAA2A00CF8FCA /* Sources */ = {
			isa = PBXSourcesBuildPhase;
			buildActionMask = 2147483647;
			files = (
			);
			runOnlyForDeploymentPostprocessing = 0;
		};
/* End PBXSourcesBuildPhase section */

/* Begin PBXTargetDependency section */
		E404FD4A2F4CAA2A00CF8FCA /* PBXTargetDependency */ = {
			isa = PBXTargetDependency;
			target = E404FD3A2F4CAA2900CF8FCA /* DogBreedsSwiftUI */;
			targetProxy = E404FD492F4CAA2A00CF8FCA /* PBXContainerItemProxy */;
		};
		E404FD542F4CAA2A00CF8FCA /* PBXTargetDependency */ = {
			isa = PBXTargetDependency;
			target = E404FD3A2F4CAA2900CF8FCA /* DogBreedsSwiftUI */;
			targetProxy = E404FD532F4CAA2A00CF8FCA /* PBXContainerItemProxy */;
		};
/* End PBXTargetDependency section */

/* Begin XCBuildConfiguration section */
		E404FD5A2F4CAA2A00CF8FCA /* Debug */ = {
			isa = XCBuildConfiguration;
			buildSettings = {
				ALWAYS_SEARCH_USER_PATHS = NO;
				ASSETCATALOG_COMPILER_GENERATE_SWIFT_ASSET_SYMBOL_EXTENSIONS = YES;
				CLANG_ANALYZER_NONNULL = YES;
				CLANG_ANALYZER_NUMBER_OBJECT_CONVERSION = YES_AGGRESSIVE;
				CLANG_CXX_LANGUAGE_STANDARD = "gnu++20";
				CLANG_ENABLE_MODULES = YES;
				CLANG_ENABLE_OBJC_ARC = YES;
				CLANG_ENABLE_OBJC_WEAK = YES;
				CLANG_WARN_BLOCK_CAPTURE_AUTORELEASING = YES;
				CLANG_WARN_BOOL_CONVERSION = YES;
				CLANG_WARN_COMMA = YES;
				CLANG_WARN_CONSTANT_CONVERSION = YES;
				CLANG_WARN_DEPRECATED_OBJC_IMPLEMENTATIONS = YES;
				CLANG_WARN_DIRECT_OBJC_ISA_USAGE = YES_ERROR;
				CLANG_WARN_DOCUMENTATION_COMMENTS = YES;
				CLANG_WARN_EMPTY_BODY = YES;
				CLANG_WARN_ENUM_CONVERSION = YES;
				CLANG_WARN_INFINITE_RECURSION = YES;
				CLANG_WARN_INT_CONVERSION = YES;
				CLANG_WARN_NON_LITERAL_NULL_CONVERSION = YES;
				CLANG_WARN_OBJC_IMPLICIT_RETAIN_SELF = YES;
				CLANG_WARN_OBJC_LITERAL_CONVERSION = YES;
				CLANG_WARN_OBJC_ROOT_CLASS = YES_ERROR;
				CLANG_WARN_QUOTED_INCLUDE_IN_FRAMEWORK_HEADER = YES;
				CLANG_WARN_RANGE_LOOP_ANALYSIS = YES;
				CLANG_WARN_STRICT_PROTOTYPES = YES;
				CLANG_WARN_SUSPICIOUS_MOVE = YES;
				CLANG_WARN_UNGUARDED_AVAILABILITY = YES_AGGRESSIVE;
				CLANG_WARN_UNREACHABLE_CODE = YES;
				CLANG_WARN__DUPLICATE_METHOD_MATCH = YES;
				COPY_PHASE_STRIP = NO;
				DEBUG_INFORMATION_FORMAT = dwarf;
				ENABLE_STRICT_OBJC_MSGSEND = YES;
				ENABLE_TESTABILITY = YES;
				ENABLE_USER_SCRIPT_SANDBOXING = YES;
				GCC_C_LANGUAGE_STANDARD = gnu17;
				GCC_DYNAMIC_NO_PIC = NO;
				GCC_NO_COMMON_BLOCKS = YES;
				GCC_OPTIMIZATION_LEVEL = 0;
				GCC_PREPROCESSOR_DEFINITIONS = (
					"DEBUG=1",
					"$(inherited)",
				);
				GCC_WARN_64_TO_32_BIT_CONVERSION = YES;
				GCC_WARN_ABOUT_RETURN_TYPE = YES_ERROR;
				GCC_WARN_UNDECLARED_SELECTOR = YES;
				GCC_WARN_UNINITIALIZED_AUTOS = YES_AGGRESSIVE;
				GCC_WARN_UNUSED_FUNCTION = YES;
				GCC_WARN_UNUSED_VARIABLE = YES;
				IPHONEOS_DEPLOYMENT_TARGET = 26.2;
				LOCALIZATION_PREFERS_STRING_CATALOGS = YES;
				MTL_ENABLE_DEBUG_INFO = INCLUDE_SOURCE;
				MTL_FAST_MATH = YES;
				ONLY_ACTIVE_ARCH = YES;
				SDKROOT = iphoneos;
				SWIFT_ACTIVE_COMPILATION_CONDITIONS = "DEBUG $(inherited)";
				SWIFT_OPTIMIZATION_LEVEL = "-Onone";
			};
			name = Debug;
		};
		E404FD5B2F4CAA2A00CF8FCA /* Release */ = {
			isa = XCBuildConfiguration;
			buildSettings = {
				ALWAYS_SEARCH_USER_PATHS = NO;
				ASSETCATALOG_COMPILER_GENERATE_SWIFT_ASSET_SYMBOL_EXTENSIONS = YES;
				CLANG_ANALYZER_NONNULL = YES;
				CLANG_ANALYZER_NUMBER_OBJECT_CONVERSION = YES_AGGRESSIVE;
				CLANG_CXX_LANGUAGE_STANDARD = "gnu++20";
				CLANG_ENABLE_MODULES = YES;
				CLANG_ENABLE_OBJC_ARC = YES;
				CLANG_ENABLE_OBJC_WEAK = YES;
				CLANG_WARN_BLOCK_CAPTURE_AUTORELEASING = YES;
				CLANG_WARN_BOOL_CONVERSION = YES;
				CLANG_WARN_COMMA = YES;
				CLANG_WARN_CONSTANT_CONVERSION = YES;
				CLANG_WARN_DEPRECATED_OBJC_IMPLEMENTATIONS = YES;
				CLANG_WARN_DIRECT_OBJC_ISA_USAGE = YES_ERROR;
				CLANG_WARN_DOCUMENTATION_COMMENTS = YES;
				CLANG_WARN_EMPTY_BODY = YES;
				CLANG_WARN_ENUM_CONVERSION = YES;
				CLANG_WARN_INFINITE_RECURSION = YES;
				CLANG_WARN_INT_CONVERSION = YES;
				CLANG_WARN_NON_LITERAL_NULL_CONVERSION = YES;
				CLANG_WARN_OBJC_IMPLICIT_RETAIN_SELF = YES;
				CLANG_WARN_OBJC_LITERAL_CONVERSION = YES;
				CLANG_WARN_OBJC_ROOT_CLASS = YES_ERROR;
				CLANG_WARN_QUOTED_INCLUDE_IN_FRAMEWORK_HEADER = YES;
				CLANG_WARN_RANGE_LOOP_ANALYSIS = YES;
				CLANG_WARN_STRICT_PROTOTYPES = YES;
				CLANG_WARN_SUSPICIOUS_MOVE = YES;
				CLANG_WARN_UNGUARDED_AVAILABILITY = YES_AGGRESSIVE;
				CLANG_WARN_UNREACHABLE_CODE = YES;
				CLANG_WARN__DUPLICATE_METHOD_MATCH = YES;
				COPY_PHASE_STRIP = NO;
				DEBUG_INFORMATION_FORMAT = "dwarf-with-dsym";
				ENABLE_NS_ASSERTIONS = NO;
				ENABLE_STRICT_OBJC_MSGSEND = YES;
				ENABLE_USER_SCRIPT_SANDBOXING = YES;
				GCC_C_LANGUAGE_STANDARD = gnu17;
				GCC_NO_COMMON_BLOCKS = YES;
				GCC_WARN_64_TO_32_BIT_CONVERSION = YES;
				GCC_WARN_ABOUT_RETURN_TYPE = YES_ERROR;
				GCC_WARN_UNDECLARED_SELECTOR = YES;
				GCC_WARN_UNINITIALIZED_AUTOS = YES_AGGRESSIVE;
				GCC_WARN_UNUSED_FUNCTION = YES;
				GCC_WARN_UNUSED_VARIABLE = YES;
				IPHONEOS_DEPLOYMENT_TARGET = 26.2;
				LOCALIZATION_PREFERS_STRING_CATALOGS = YES;
				MTL_ENABLE_DEBUG_INFO = NO;
				MTL_FAST_MATH = YES;
				SDKROOT = iphoneos;
				SWIFT_COMPILATION_MODE = wholemodule;
				VALIDATE_PRODUCT = YES;
			};
			name = Release;
		};
		E404FD5D2F4CAA2A00CF8FCA /* Debug */ = {
			isa = XCBuildConfiguration;
			buildSettings = {
				ASSETCATALOG_COMPILER_APPICON_NAME = AppIcon;
				ASSETCATALOG_COMPILER_GLOBAL_ACCENT_COLOR_NAME = AccentColor;
				CODE_SIGN_STYLE = Automatic;
				CURRENT_PROJECT_VERSION = 1;
				ENABLE_PREVIEWS = YES;
				GENERATE_INFOPLIST_FILE = YES;
				INFOPLIST_KEY_UIApplicationSceneManifest_Generation = YES;
				INFOPLIST_KEY_UIApplicationSupportsIndirectInputEvents = YES;
				INFOPLIST_KEY_UILaunchScreen_Generation = YES;
				INFOPLIST_KEY_UISupportedInterfaceOrientations_iPad = "UIInterfaceOrientationPortrait UIInterfaceOrientationPortraitUpsideDown UIInterfaceOrientationLandscapeLeft UIInterfaceOrientationLandscapeRight";
				INFOPLIST_KEY_UISupportedInterfaceOrientations_iPhone = "UIInterfaceOrientationPortrait UIInterfaceOrientationLandscapeLeft UIInterfaceOrientationLandscapeRight";
				LD_RUNPATH_SEARCH_PATHS = (
					"$(inherited)",
					"@executable_path/Frameworks",
				);
				MARKETING_VERSION = 1.0;
				PRODUCT_BUNDLE_IDENTIFIER = com.batch43.DogBreedsSwiftUI;
				PRODUCT_NAME = "$(TARGET_NAME)";
				STRING_CATALOG_GENERATE_SYMBOLS = YES;
				SWIFT_APPROACHABLE_CONCURRENCY = YES;
				SWIFT_DEFAULT_ACTOR_ISOLATION = MainActor;
				SWIFT_EMIT_LOC_STRINGS = YES;
				SWIFT_UPCOMING_FEATURE_MEMBER_IMPORT_VISIBILITY = YES;
				SWIFT_VERSION = 5.0;
				TARGETED_DEVICE_FAMILY = "1,2";
			};
			name = Debug;
		};
		E404FD5E2F4CAA2A00CF8FCA /* Release */ = {
			isa = XCBuildConfiguration;
			buildSettings = {
				ASSETCATALOG_COMPILER_APPICON_NAME = AppIcon;
				ASSETCATALOG_COMPILER_GLOBAL_ACCENT_COLOR_NAME = AccentColor;
				CODE_SIGN_STYLE = Automatic;
				CURRENT_PROJECT_VERSION = 1;
				ENABLE_PREVIEWS = YES;
				GENERATE_INFOPLIST_FILE = YES;
				INFOPLIST_KEY_UIApplicationSceneManifest_Generation = YES;
				INFOPLIST_KEY_UIApplicationSupportsIndirectInputEvents = YES;
				INFOPLIST_KEY_UILaunchScreen_Generation = YES;
				INFOPLIST_KEY_UISupportedInterfaceOrientations_iPad = "UIInterfaceOrientationPortrait UIInterfaceOrientationPortraitUpsideDown UIInterfaceOrientationLandscapeLeft UIInterfaceOrientationLandscapeRight";
				INFOPLIST_KEY_UISupportedInterfaceOrientations_iPhone = "UIInterfaceOrientationPortrait UIInterfaceOrientationLandscapeLeft UIInterfaceOrientationLandscapeRight";
				LD_RUNPATH_SEARCH_PATHS = (
					"$(inherited)",
					"@executable_path/Frameworks",
				);
				MARKETING_VERSION = 1.0;
				PRODUCT_BUNDLE_IDENTIFIER = com.batch43.DogBreedsSwiftUI;
				PRODUCT_NAME = "$(TARGET_NAME)";
				STRING_CATALOG_GENERATE_SYMBOLS = YES;
				SWIFT_APPROACHABLE_CONCURRENCY = YES;
				SWIFT_DEFAULT_ACTOR_ISOLATION = MainActor;
				SWIFT_EMIT_LOC_STRINGS = YES;
				SWIFT_UPCOMING_FEATURE_MEMBER_IMPORT_VISIBILITY = YES;
				SWIFT_VERSION = 5.0;
				TARGETED_DEVICE_FAMILY = "1,2";
			};
			name = Release;
		};
		E404FD602F4CAA2A00CF8FCA /* Debug */ = {
			isa = XCBuildConfiguration;
			buildSettings = {
				BUNDLE_LOADER = "$(TEST_HOST)";
				CODE_SIGN_STYLE = Automatic;
				CURRENT_PROJECT_VERSION = 1;
				GENERATE_INFOPLIST_FILE = YES;
				IPHONEOS_DEPLOYMENT_TARGET = 26.2;
				MARKETING_VERSION = 1.0;
				PRODUCT_BUNDLE_IDENTIFIER = com.batch43.DogBreedsSwiftUITests;
				PRODUCT_NAME = "$(TARGET_NAME)";
				STRING_CATALOG_GENERATE_SYMBOLS = NO;
				SWIFT_APPROACHABLE_CONCURRENCY = YES;
				SWIFT_EMIT_LOC_STRINGS = NO;
				SWIFT_UPCOMING_FEATURE_MEMBER_IMPORT_VISIBILITY = YES;
				SWIFT_VERSION = 5.0;
				TARGETED_DEVICE_FAMILY = "1,2";
				TEST_HOST = "$(BUILT_PRODUCTS_DIR)/DogBreedsSwiftUI.app/$(BUNDLE_EXECUTABLE_FOLDER_PATH)/DogBreedsSwiftUI";
			};
			name = Debug;
		};
		E404FD612F4CAA2A00CF8FCA /* Release */ = {
			isa = XCBuildConfiguration;
			buildSettings = {
				BUNDLE_LOADER = "$(TEST_HOST)";
				CODE_SIGN_STYLE = Automatic;
				CURRENT_PROJECT_VERSION = 1;
				GENERATE_INFOPLIST_FILE = YES;
				IPHONEOS_DEPLOYMENT_TARGET = 26.2;
				MARKETING_VERSION = 1.0;
				PRODUCT_BUNDLE_IDENTIFIER = com.batch43.DogBreedsSwiftUITests;
				PRODUCT_NAME = "$(TARGET_NAME)";
				STRING_CATALOG_GENERATE_SYMBOLS = NO;
				SWIFT_APPROACHABLE_CONCURRENCY = YES;
				SWIFT_EMIT_LOC_STRINGS = NO;
				SWIFT_UPCOMING_FEATURE_MEMBER_IMPORT_VISIBILITY = YES;
				SWIFT_VERSION = 5.0;
				TARGETED_DEVICE_FAMILY = "1,2";
				TEST_HOST = "$(BUILT_PRODUCTS_DIR)/DogBreedsSwiftUI.app/$(BUNDLE_EXECUTABLE_FOLDER_PATH)/DogBreedsSwiftUI";
			};
			name = Release;
		};
		E404FD632F4CAA2A00CF8FCA /* Debug */ = {
			isa = XCBuildConfiguration;
			buildSettings = {
				CODE_SIGN_STYLE = Automatic;
				CURRENT_PROJECT_VERSION = 1;
				GENERATE_INFOPLIST_FILE = YES;
				MARKETING_VERSION = 1.0;
				PRODUCT_BUNDLE_IDENTIFIER = com.batch43.DogBreedsSwiftUIUITests;
				PRODUCT_NAME = "$(TARGET_NAME)";
				STRING_CATALOG_GENERATE_SYMBOLS = NO;
				SWIFT_APPROACHABLE_CONCURRENCY = YES;
				SWIFT_EMIT_LOC_STRINGS = NO;
				SWIFT_UPCOMING_FEATURE_MEMBER_IMPORT_VISIBILITY = YES;
				SWIFT_VERSION = 5.0;
				TARGETED_DEVICE_FAMILY = "1,2";
				TEST_TARGET_NAME = DogBreedsSwiftUI;
			};
			name = Debug;
		};
		E404FD642F4CAA2A00CF8FCA /* Release */ = {
			isa = XCBuildConfiguration;
			buildSettings = {
				CODE_SIGN_STYLE = Automatic;
				CURRENT_PROJECT_VERSION = 1;
				GENERATE_INFOPLIST_FILE = YES;
				MARKETING_VERSION = 1.0;
				PRODUCT_BUNDLE_IDENTIFIER = com.batch43.DogBreedsSwiftUIUITests;
				PRODUCT_NAME = "$(TARGET_NAME)";
				STRING_CATALOG_GENERATE_SYMBOLS = NO;
				SWIFT_APPROACHABLE_CONCURRENCY = YES;
				SWIFT_EMIT_LOC_STRINGS = NO;
				SWIFT_UPCOMING_FEATURE_MEMBER_IMPORT_VISIBILITY = YES;
				SWIFT_VERSION = 5.0;
				TARGETED_DEVICE_FAMILY = "1,2";
				TEST_TARGET_NAME = DogBreedsSwiftUI;
			};
			name = Release;
		};
/* End XCBuildConfiguration section */

/* Begin XCConfigurationList section */
		E404FD362F4CAA2900CF8FCA /* Build configuration list for PBXProject "DogBreedsSwiftUI" */ = {
			isa = XCConfigurationList;
			buildConfigurations = (
				E404FD5A2F4CAA2A00CF8FCA /* Debug */,
				E404FD5B2F4CAA2A00CF8FCA /* Release */,
			);
			defaultConfigurationIsVisible = 0;
			defaultConfigurationName = Release;
		};
		E404FD5C2F4CAA2A00CF8FCA /* Build configuration list for PBXNativeTarget "DogBreedsSwiftUI" */ = {
			isa = XCConfigurationList;
			buildConfigurations = (
				E404FD5D2F4CAA2A00CF8FCA /* Debug */,
				E404FD5E2F4CAA2A00CF8FCA /* Release */,
			);
			defaultConfigurationIsVisible = 0;
			defaultConfigurationName = Release;
		};
		E404FD5F2F4CAA2A00CF8FCA /* Build configuration list for PBXNativeTarget "DogBreedsSwiftUITests" */ = {
			isa = XCConfigurationList;
			buildConfigurations = (
				E404FD602F4CAA2A00CF8FCA /* Debug */,
				E404FD612F4CAA2A00CF8FCA /* Release */,
			);
			defaultConfigurationIsVisible = 0;
			defaultConfigurationName = Release;
		};
		E404FD622F4CAA2A00CF8FCA /* Build configuration list for PBXNativeTarget "DogBreedsSwiftUIUITests" */ = {
			isa = XCConfigurationList;
			buildConfigurations = (
				E404FD632F4CAA2A00CF8FCA /* Debug */,
				E404FD642F4CAA2A00CF8FCA /* Release */,
			);
			defaultConfigurationIsVisible = 0;
			defaultConfigurationName = Release;
		};
/* End XCConfigurationList section */
	};
	rootObject = E404FD332F4CAA2900CF8FCA /* Project object */;
}
